
Microsoft Visual Studio Solution File, Format Version 12.00
# Visual Studio Version 16
VisualStudioVersion = 16.0.33529.622
MinimumVisualStudioVersion = 10.0.40219.1
Project("{FAE04EC0-301F-11D3-BF4B-00C04F79EFBC}") = "Abstract", "Abstract\Abstract.csproj", "{334C3C1D-9B00-4FAB-AA8B-F77C36FA4EC0}"
EndProject
Global
	GlobalSection(SolutionConfigurationPlatforms) = preSolution
		Debug|Any CPU = Debug|Any CPU
		Release|Any CPU = Release|Any CPU
	EndGlobalSection
	GlobalSection(ProjectConfigurationPlatforms) = postSolution
		{334C3C1D-9B00-4FAB-AA8B-F77C36FA4EC0}.Debug|Any CPU.ActiveCfg = Debug|Any CPU
		{334C3C1D-9B00-4FAB-AA8B-F77C36FA4EC0}.Debug|Any CPU.Build.0 = Debug|Any CPU
		{334C3C1D-9B00-4FAB-AA8B-F77C36FA4EC0}.Release|Any CPU.ActiveCfg = Release|Any CPU
		{334C3C1D-9B00-4FAB-AA8B-F77C36FA4EC0}.Release|Any CPU.Build.0 = Release|Any CPU
	EndGlobalSection
	GlobalSection(SolutionProperties) = preSolution
		HideSolutionNode = FALSE
	EndGlobalSection
	GlobalSection(ExtensibilityGlobals) = postSolution
		SolutionGuid = {495E6DF0-F656-433D-B79A-66B26D6066A3}
	EndGlobalSection
EndGlobal
