
Microsoft Visual Studio Solution File, Format Version 12.00
# Visual Studio Version 16
VisualStudioVersion = 16.0.33529.622
MinimumVisualStudioVersion = 10.0.40219.1
Project("{FAE04EC0-301F-11D3-BF4B-00C04F79EFBC}") = "Polymorphism", "Polymorphism\Polymorphism.csproj", "{2ABCEA68-3494-48BD-829E-353FB509BCFD}"
EndProject
Global
	GlobalSection(SolutionConfigurationPlatforms) = preSolution
		Debug|Any CPU = Debug|Any CPU
		Release|Any CPU = Release|Any CPU
	EndGlobalSection
	GlobalSection(ProjectConfigurationPlatforms) = postSolution
		{2ABCEA68-3494-48BD-829E-353FB509BCFD}.Debug|Any CPU.ActiveCfg = Debug|Any CPU
		{2ABCEA68-3494-48BD-829E-353FB509BCFD}.Debug|Any CPU.Build.0 = Debug|Any CPU
		{2ABCEA68-3494-48BD-829E-353FB509BCFD}.Release|Any CPU.ActiveCfg = Release|Any CPU
		{2ABCEA68-3494-48BD-829E-353FB509BCFD}.Release|Any CPU.Build.0 = Release|Any CPU
	EndGlobalSection
	GlobalSection(SolutionProperties) = preSolution
		HideSolutionNode = FALSE
	EndGlobalSection
	GlobalSection(ExtensibilityGlobals) = postSolution
		SolutionGuid = {58F04B71-DB67-49A7-8577-799C9FD54F0C}
	EndGlobalSection
EndGlobal
